
Microsoft Visual Studio Solution File, Format Version 12.00
# Visual Studio 15
VisualStudioVersion = 15.0.28010.2041
MinimumVisualStudioVersion = 10.0.40219.1
Project("{FAE04EC0-301F-11D3-BF4B-00C04F79EFBC}") = "pract9_ex1", "pract9_ex1\pract9_ex1.csproj", "{32C2CBB7-B108-4FF3-B493-0453C75A4D5E}"
EndProject
Global
	GlobalSection(SolutionConfigurationPlatforms) = preSolution
		Debug|Any CPU = Debug|Any CPU
		Release|Any CPU = Release|Any CPU
	EndGlobalSection
	GlobalSection(ProjectConfigurationPlatforms) = postSolution
		{32C2CBB7-B108-4FF3-B493-0453C75A4D5E}.Debug|Any CPU.ActiveCfg = Debug|Any CPU
		{32C2CBB7-B108-4FF3-B493-0453C75A4D5E}.Debug|Any CPU.Build.0 = Debug|Any CPU
		{32C2CBB7-B108-4FF3-B493-0453C75A4D5E}.Release|Any CPU.ActiveCfg = Release|Any CPU
		{32C2CBB7-B108-4FF3-B493-0453C75A4D5E}.Release|Any CPU.Build.0 = Release|Any CPU
	EndGlobalSection
	GlobalSection(SolutionProperties) = preSolution
		HideSolutionNode = FALSE
	EndGlobalSection
	GlobalSection(ExtensibilityGlobals) = postSolution
		SolutionGuid = {2D710EF2-AD15-432A-AC9F-92D4E0E390BA}
	EndGlobalSection
EndGlobal
